STORAGE: NONE
RESTRICTION: == net8.0
NUGET
  remote: https://www.nuget.org/api/v2
    Microsoft.Extensions.Configuration (10.0)
      Microsoft.Extensions.Configuration.Abstractions (>= 10.0)
      Microsoft.Extensions.Primitives (>= 10.0)
    Microsoft.Extensions.Configuration.Abstractions (10.0)
      Microsoft.Extensions.Primitives (>= 10.0)
    Microsoft.Extensions.Configuration.Binder (10.0)
      Microsoft.Extensions.Configuration (>= 10.0)
      Microsoft.Extensions.Configuration.Abstractions (>= 10.0)
    Microsoft.Extensions.Configuration.CommandLine (10.0)
      Microsoft.Extensions.Configuration (>= 10.0)
      Microsoft.Extensions.Configuration.Abstractions (>= 10.0)
    Microsoft.Extensions.Configuration.EnvironmentVariables (10.0)
      Microsoft.Extensions.Configuration (>= 10.0)
      Microsoft.Extensions.Configuration.Abstractions (>= 10.0)
    Microsoft.Extensions.Configuration.FileExtensions (10.0)
      Microsoft.Extensions.Configuration (>= 10.0)
      Microsoft.Extensions.Configuration.Abstractions (>= 10.0)
      Microsoft.Extensions.FileProviders.Abstractions (>= 10.0)
      Microsoft.Extensions.FileProviders.Physical (>= 10.0)
      Microsoft.Extensions.Primitives (>= 10.0)
    Microsoft.Extensions.Configuration.Json (10.0)
      Microsoft.Extensions.Configuration (>= 10.0)
      Microsoft.Extensions.Configuration.Abstractions (>= 10.0)
      Microsoft.Extensions.Configuration.FileExtensions (>= 10.0)
      Microsoft.Extensions.FileProviders.Abstractions (>= 10.0)
      System.Text.Json (>= 10.0)
    Microsoft.Extensions.Configuration.UserSecrets (10.0)
      Microsoft.Extensions.Configuration.Abstractions (>= 10.0)
      Microsoft.Extensions.Configuration.Json (>= 10.0)
      Microsoft.Extensions.FileProviders.Abstractions (>= 10.0)
      Microsoft.Extensions.FileProviders.Physical (>= 10.0)
    Microsoft.Extensions.DependencyInjection (10.0)
      Microsoft.Extensions.DependencyInjection.Abstractions (>= 10.0)
    Microsoft.Extensions.DependencyInjection.Abstractions (10.0)
    Microsoft.Extensions.DependencyModel (10.0)
      System.Text.Encodings.Web (>= 10.0)
      System.Text.Json (>= 10.0)
    Microsoft.Extensions.Diagnostics (10.0)
      Microsoft.Extensions.Configuration (>= 10.0)
      Microsoft.Extensions.Diagnostics.Abstractions (>= 10.0)
      Microsoft.Extensions.Options.ConfigurationExtensions (>= 10.0)
    Microsoft.Extensions.Diagnostics.Abstractions (10.0)
      Microsoft.Extensions.DependencyInjection.Abstractions (>= 10.0)
      Microsoft.Extensions.Options (>= 10.0)
      System.Diagnostics.DiagnosticSource (>= 10.0)
    Microsoft.Extensions.FileProviders.Abstractions (10.0)
      Microsoft.Extensions.Primitives (>= 10.0)
    Microsoft.Extensions.FileProviders.Physical (10.0)
      Microsoft.Extensions.FileProviders.Abstractions (>= 10.0)
      Microsoft.Extensions.FileSystemGlobbing (>= 10.0)
      Microsoft.Extensions.Primitives (>= 10.0)
    Microsoft.Extensions.FileSystemGlobbing (10.0)
    Microsoft.Extensions.Hosting (10.0)
      Microsoft.Extensions.Configuration (>= 10.0)
      Microsoft.Extensions.Configuration.Abstractions (>= 10.0)
      Microsoft.Extensions.Configuration.Binder (>= 10.0)
      Microsoft.Extensions.Configuration.CommandLine (>= 10.0)
      Microsoft.Extensions.Configuration.EnvironmentVariables (>= 10.0)
      Microsoft.Extensions.Configuration.FileExtensions (>= 10.0)
      Microsoft.Extensions.Configuration.Json (>= 10.0)
      Microsoft.Extensions.Configuration.UserSecrets (>= 10.0)
      Microsoft.Extensions.DependencyInjection (>= 10.0)
      Microsoft.Extensions.DependencyInjection.Abstractions (>= 10.0)
      Microsoft.Extensions.Diagnostics (>= 10.0)
      Microsoft.Extensions.FileProviders.Abstractions (>= 10.0)
      Microsoft.Extensions.FileProviders.Physical (>= 10.0)
      Microsoft.Extensions.Hosting.Abstractions (>= 10.0)
      Microsoft.Extensions.Logging (>= 10.0)
      Microsoft.Extensions.Logging.Abstractions (>= 10.0)
      Microsoft.Extensions.Logging.Configuration (>= 10.0)
      Microsoft.Extensions.Logging.Console (>= 10.0)
      Microsoft.Extensions.Logging.Debug (>= 10.0)
      Microsoft.Extensions.Logging.EventLog (>= 10.0)
      Microsoft.Extensions.Logging.EventSource (>= 10.0)
      Microsoft.Extensions.Options (>= 10.0)
    Microsoft.Extensions.Hosting.Abstractions (10.0)
      Microsoft.Extensions.Configuration.Abstractions (>= 10.0)
      Microsoft.Extensions.DependencyInjection.Abstractions (>= 10.0)
      Microsoft.Extensions.Diagnostics.Abstractions (>= 10.0)
      Microsoft.Extensions.FileProviders.Abstractions (>= 10.0)
      Microsoft.Extensions.Logging.Abstractions (>= 10.0)
    Microsoft.Extensions.Logging (10.0)
      Microsoft.Extensions.DependencyInjection (>= 10.0)
      Microsoft.Extensions.Logging.Abstractions (>= 10.0)
      Microsoft.Extensions.Options (>= 10.0)
    Microsoft.Extensions.Logging.Abstractions (10.0)
      Microsoft.Extensions.DependencyInjection.Abstractions (>= 10.0)
      System.Diagnostics.DiagnosticSource (>= 10.0)
    Microsoft.Extensions.Logging.Configuration (10.0)
      Microsoft.Extensions.Configuration (>= 10.0)
      Microsoft.Extensions.Configuration.Abstractions (>= 10.0)
      Microsoft.Extensions.Configuration.Binder (>= 10.0)
      Microsoft.Extensions.DependencyInjection.Abstractions (>= 10.0)
      Microsoft.Extensions.Logging (>= 10.0)
      Microsoft.Extensions.Logging.Abstractions (>= 10.0)
      Microsoft.Extensions.Options (>= 10.0)
      Microsoft.Extensions.Options.ConfigurationExtensions (>= 10.0)
    Microsoft.Extensions.Logging.Console (10.0)
      Microsoft.Extensions.DependencyInjection.Abstractions (>= 10.0)
      Microsoft.Extensions.Logging (>= 10.0)
      Microsoft.Extensions.Logging.Abstractions (>= 10.0)
      Microsoft.Extensions.Logging.Configuration (>= 10.0)
      Microsoft.Extensions.Options (>= 10.0)
      System.Text.Json (>= 10.0)
    Microsoft.Extensions.Logging.Debug (10.0)
      Microsoft.Extensions.DependencyInjection.Abstractions (>= 10.0)
      Microsoft.Extensions.Logging (>= 10.0)
      Microsoft.Extensions.Logging.Abstractions (>= 10.0)
    Microsoft.Extensions.Logging.EventLog (10.0)
      Microsoft.Extensions.DependencyInjection.Abstractions (>= 10.0)
      Microsoft.Extensions.Logging (>= 10.0)
      Microsoft.Extensions.Logging.Abstractions (>= 10.0)
      Microsoft.Extensions.Options (>= 10.0)
      System.Diagnostics.EventLog (>= 10.0)
    Microsoft.Extensions.Logging.EventSource (10.0)
      Microsoft.Extensions.DependencyInjection.Abstractions (>= 10.0)
      Microsoft.Extensions.Logging (>= 10.0)
      Microsoft.Extensions.Logging.Abstractions (>= 10.0)
      Microsoft.Extensions.Options (>= 10.0)
      Microsoft.Extensions.Primitives (>= 10.0)
      System.Text.Json (>= 10.0)
    Microsoft.Extensions.Options (10.0)
      Microsoft.Extensions.DependencyInjection.Abstractions (>= 10.0)
      Microsoft.Extensions.Primitives (>= 10.0)
    Microsoft.Extensions.Options.ConfigurationExtensions (10.0)
      Microsoft.Extensions.Configuration.Abstractions (>= 10.0)
      Microsoft.Extensions.Configuration.Binder (>= 10.0)
      Microsoft.Extensions.DependencyInjection.Abstractions (>= 10.0)
      Microsoft.Extensions.Options (>= 10.0)
      Microsoft.Extensions.Primitives (>= 10.0)
    Microsoft.Extensions.Primitives (10.0)
    Serilog (4.3)
    Serilog.Extensions.Hosting (10.0)
      Microsoft.Extensions.DependencyInjection.Abstractions (>= 10.0)
      Microsoft.Extensions.Hosting.Abstractions (>= 10.0)
      Microsoft.Extensions.Logging.Abstractions (>= 10.0)
      Serilog (>= 4.3)
      Serilog.Extensions.Logging (>= 10.0)
    Serilog.Extensions.Logging (10.0)
      Microsoft.Extensions.Logging (>= 10.0)
      Serilog (>= 4.2)
    Serilog.Settings.Configuration (10.0)
      Microsoft.Extensions.Configuration.Binder (>= 10.0)
      Microsoft.Extensions.DependencyModel (>= 10.0)
      Serilog (>= 4.3)
    Serilog.Sinks.Console (6.1.1)
      Serilog (>= 4.0)
    System.Diagnostics.DiagnosticSource (10.0)
    System.Diagnostics.EventLog (10.0)
    System.Interactive (7.0)
    System.IO.Pipelines (10.0)
    System.Reactive (6.1)
    System.Text.Encodings.Web (10.0)
    System.Text.Json (10.0)
      System.IO.Pipelines (>= 10.0)
      System.Text.Encodings.Web (>= 10.0)
