
Microsoft Visual Studio Solution File, Format Version 12.00
# Visual Studio 15
VisualStudioVersion = 15.0.27130.2024
MinimumVisualStudioVersion = 10.0.40219.1
Project("{9A19103F-16F7-4668-BE54-9A1E7A4F7556}") = "K4os.Template", "K4os.Template\K4os.Template.csproj", "{9CC4C587-A811-4A30-9C80-6E1049B94E2F}"
EndProject
Project("{FAE04EC0-301F-11D3-BF4B-00C04F79EFBC}") = "K4os.Template.Test", "K4os.Template.Test\K4os.Template.Test.csproj", "{956BAD8B-61D4-4DAF-A8FE-9E08AB7E2603}"
EndProject
Project("{2150E333-8FDC-42A3-9474-1A3956D46DE8}") = ".environment", ".environment", "{835ECDA0-7229-4D96-8B74-8D9F119E6683}"
	ProjectSection(SolutionItems) = preProject
		..\.secrets.cfg = ..\.secrets.cfg
		..\.gitignore = ..\.gitignore
		..\Directory.Packages.props = ..\Directory.Packages.props
		..\Directory.Build.props = ..\Directory.Build.props
		..\Directory.Build.targets = ..\Directory.Build.targets
		..\settings.cfg = ..\settings.cfg
		..\.env = ..\.env
		..\global.json = ..\global.json
		..\nuget.config = ..\nuget.config
		..\paket.dependencies = ..\paket.dependencies
	EndProjectSection
EndProject
Project("{FAE04EC0-301F-11D3-BF4B-00C04F79EFBC}") = "K4os.Template.App", "K4os.Template.App\K4os.Template.App.csproj", "{708C4530-0807-467C-8EB0-59129616C273}"
EndProject
Project("{2150E333-8FDC-42A3-9474-1A3956D46DE8}") = ".resources", ".resources", "{EF37FE4A-3F48-4DC3-AD44-B12C53A1F1CF}"
	ProjectSection(SolutionItems) = preProject
		..\CHANGES.md = ..\CHANGES.md
		..\LICENSE = ..\LICENSE
		..\README.md = ..\README.md
	EndProjectSection
EndProject
Project("{FAE04EC0-301F-11D3-BF4B-00C04F79EFBC}") = "_build", "..\.nuke\build\_build.csproj", "{96032870-E409-41A8-AA93-5D6082217F30}"
EndProject
Global
	GlobalSection(SolutionConfigurationPlatforms) = preSolution
		Debug|Any CPU = Debug|Any CPU
		Release|Any CPU = Release|Any CPU
	EndGlobalSection
	GlobalSection(ProjectConfigurationPlatforms) = postSolution
		{9CC4C587-A811-4A30-9C80-6E1049B94E2F}.Debug|Any CPU.ActiveCfg = Debug|Any CPU
		{9CC4C587-A811-4A30-9C80-6E1049B94E2F}.Debug|Any CPU.Build.0 = Debug|Any CPU
		{9CC4C587-A811-4A30-9C80-6E1049B94E2F}.Release|Any CPU.ActiveCfg = Release|Any CPU
		{9CC4C587-A811-4A30-9C80-6E1049B94E2F}.Release|Any CPU.Build.0 = Release|Any CPU
		{956BAD8B-61D4-4DAF-A8FE-9E08AB7E2603}.Debug|Any CPU.ActiveCfg = Debug|Any CPU
		{956BAD8B-61D4-4DAF-A8FE-9E08AB7E2603}.Debug|Any CPU.Build.0 = Debug|Any CPU
		{956BAD8B-61D4-4DAF-A8FE-9E08AB7E2603}.Release|Any CPU.ActiveCfg = Release|Any CPU
		{956BAD8B-61D4-4DAF-A8FE-9E08AB7E2603}.Release|Any CPU.Build.0 = Release|Any CPU
		{708C4530-0807-467C-8EB0-59129616C273}.Debug|Any CPU.ActiveCfg = Debug|Any CPU
		{708C4530-0807-467C-8EB0-59129616C273}.Debug|Any CPU.Build.0 = Debug|Any CPU
		{708C4530-0807-467C-8EB0-59129616C273}.Release|Any CPU.ActiveCfg = Release|Any CPU
		{708C4530-0807-467C-8EB0-59129616C273}.Release|Any CPU.Build.0 = Release|Any CPU
		{96032870-E409-41A8-AA93-5D6082217F30}.Debug|Any CPU.ActiveCfg = Debug|Any CPU
		{96032870-E409-41A8-AA93-5D6082217F30}.Release|Any CPU.ActiveCfg = Release|Any CPU
	EndGlobalSection
	GlobalSection(SolutionProperties) = preSolution
		HideSolutionNode = FALSE
	EndGlobalSection
	GlobalSection(ExtensibilityGlobals) = postSolution
		SolutionGuid = {87682762-D1C0-4471-AC90-E64F5AC58037}
	EndGlobalSection
	GlobalSection(NestedProjects) = preSolution
	EndGlobalSection
EndGlobal
